github.com/Sei-Yukinari/go-shared-library-test v1.0.1 h1:pop9U+B6mfxgpCNZ76zXGiLhejquACttb/YfPW9x7+Y=
github.com/Sei-Yukinari/go-shared-library-test v1.0.1/go.mod h1:8ViHIh3bufoJju8XQRaMT8cLSnIFPwA4ov4TMeEyyf0=
github.com/Sei-Yukinari/go-shared-library-test v1.0.2 h1:jiW++SN5jnwBhkbRNtzMvgaafy8mDEb/8DVguJlv2Vs=
github.com/Sei-Yukinari/go-shared-library-test v1.0.2/go.mod h1:8ViHIh3bufoJju8XQRaMT8cLSnIFPwA4ov4TMeEyyf0=
github.com/Sei-Yukinari/go-shared-library-test v1.0.3 h1:yZPqmyubor+vPcJNK+6nsn308W4pHjujDkLRZwrd3F8=
github.com/Sei-Yukinari/go-shared-library-test v1.0.3/go.mod h1:8ViHIh3bufoJju8XQRaMT8cLSnIFPwA4ov4TMeEyyf0=
